
Microsoft Visual Studio Solution File, Format Version 11.00
# Visual Studio 2010
Project("{FAE04EC0-301F-11D3-BF4B-00C04F79EFBC}") = "Grosvenor.Developer.Practicum", "Developer.Practicum\Grosvenor.Developer.Practicum.csproj", "{DB2350ED-F223-4A04-B7B5-CAFB862C63A3}"
EndProject
Project("{2150E333-8FDC-42A3-9474-1A3956D46DE8}") = "Solution Items", "Solution Items", "{66942C31-C35B-4D3D-989B-7246B54AD453}"
	ProjectSection(SolutionItems) = preProject
		Developer.Practicum.vsmdi = Developer.Practicum.vsmdi
		Local.testsettings = Local.testsettings
		TraceAndTestImpact.testsettings = TraceAndTestImpact.testsettings
	EndProjectSection
EndProject
Project("{FAE04EC0-301F-11D3-BF4B-00C04F79EFBC}") = "Grosvenor.Developer.Practicum.Business", "Developer.Practicum.Business\Grosvenor.Developer.Practicum.Business.csproj", "{A8E41BC3-E3FC-4094-BB6E-A6FDB5062DC5}"
EndProject
Project("{FAE04EC0-301F-11D3-BF4B-00C04F79EFBC}") = "Grosvenor.Developer.Practicum.Test", "Grosvenor.Developer.Practicum.Test\Grosvenor.Developer.Practicum.Test.csproj", "{D7C07DB1-44CF-4C17-9A67-D099E9D6E773}"
EndProject
Global
	GlobalSection(TestCaseManagementSettings) = postSolution
		CategoryFile = Developer.Practicum.vsmdi
	EndGlobalSection
	GlobalSection(SolutionConfigurationPlatforms) = preSolution
		Debug|Any CPU = Debug|Any CPU
		Debug|Mixed Platforms = Debug|Mixed Platforms
		Debug|x86 = Debug|x86
		Release|Any CPU = Release|Any CPU
		Release|Mixed Platforms = Release|Mixed Platforms
		Release|x86 = Release|x86
	EndGlobalSection
	GlobalSection(ProjectConfigurationPlatforms) = postSolution
		{DB2350ED-F223-4A04-B7B5-CAFB862C63A3}.Debug|Any CPU.ActiveCfg = Debug|x86
		{DB2350ED-F223-4A04-B7B5-CAFB862C63A3}.Debug|Mixed Platforms.ActiveCfg = Debug|x86
		{DB2350ED-F223-4A04-B7B5-CAFB862C63A3}.Debug|Mixed Platforms.Build.0 = Debug|x86
		{DB2350ED-F223-4A04-B7B5-CAFB862C63A3}.Debug|x86.ActiveCfg = Debug|x86
		{DB2350ED-F223-4A04-B7B5-CAFB862C63A3}.Debug|x86.Build.0 = Debug|x86
		{DB2350ED-F223-4A04-B7B5-CAFB862C63A3}.Release|Any CPU.ActiveCfg = Release|x86
		{DB2350ED-F223-4A04-B7B5-CAFB862C63A3}.Release|Mixed Platforms.ActiveCfg = Release|x86
		{DB2350ED-F223-4A04-B7B5-CAFB862C63A3}.Release|Mixed Platforms.Build.0 = Release|x86
		{DB2350ED-F223-4A04-B7B5-CAFB862C63A3}.Release|x86.ActiveCfg = Release|x86
		{DB2350ED-F223-4A04-B7B5-CAFB862C63A3}.Release|x86.Build.0 = Release|x86
		{A8E41BC3-E3FC-4094-BB6E-A6FDB5062DC5}.Debug|Any CPU.ActiveCfg = Debug|Any CPU
		{A8E41BC3-E3FC-4094-BB6E-A6FDB5062DC5}.Debug|Any CPU.Build.0 = Debug|Any CPU
		{A8E41BC3-E3FC-4094-BB6E-A6FDB5062DC5}.Debug|Mixed Platforms.ActiveCfg = Debug|Any CPU
		{A8E41BC3-E3FC-4094-BB6E-A6FDB5062DC5}.Debug|Mixed Platforms.Build.0 = Debug|Any CPU
		{A8E41BC3-E3FC-4094-BB6E-A6FDB5062DC5}.Debug|x86.ActiveCfg = Debug|Any CPU
		{A8E41BC3-E3FC-4094-BB6E-A6FDB5062DC5}.Release|Any CPU.ActiveCfg = Release|Any CPU
		{A8E41BC3-E3FC-4094-BB6E-A6FDB5062DC5}.Release|Any CPU.Build.0 = Release|Any CPU
		{A8E41BC3-E3FC-4094-BB6E-A6FDB5062DC5}.Release|Mixed Platforms.ActiveCfg = Release|Any CPU
		{A8E41BC3-E3FC-4094-BB6E-A6FDB5062DC5}.Release|Mixed Platforms.Build.0 = Release|Any CPU
		{A8E41BC3-E3FC-4094-BB6E-A6FDB5062DC5}.Release|x86.ActiveCfg = Release|Any CPU
		{D7C07DB1-44CF-4C17-9A67-D099E9D6E773}.Debug|Any CPU.ActiveCfg = Debug|Any CPU
		{D7C07DB1-44CF-4C17-9A67-D099E9D6E773}.Debug|Any CPU.Build.0 = Debug|Any CPU
		{D7C07DB1-44CF-4C17-9A67-D099E9D6E773}.Debug|Mixed Platforms.ActiveCfg = Debug|Any CPU
		{D7C07DB1-44CF-4C17-9A67-D099E9D6E773}.Debug|Mixed Platforms.Build.0 = Debug|Any CPU
		{D7C07DB1-44CF-4C17-9A67-D099E9D6E773}.Debug|x86.ActiveCfg = Debug|Any CPU
		{D7C07DB1-44CF-4C17-9A67-D099E9D6E773}.Release|Any CPU.ActiveCfg = Release|Any CPU
		{D7C07DB1-44CF-4C17-9A67-D099E9D6E773}.Release|Any CPU.Build.0 = Release|Any CPU
		{D7C07DB1-44CF-4C17-9A67-D099E9D6E773}.Release|Mixed Platforms.ActiveCfg = Release|Any CPU
		{D7C07DB1-44CF-4C17-9A67-D099E9D6E773}.Release|Mixed Platforms.Build.0 = Release|Any CPU
		{D7C07DB1-44CF-4C17-9A67-D099E9D6E773}.Release|x86.ActiveCfg = Release|Any CPU
	EndGlobalSection
	GlobalSection(SolutionProperties) = preSolution
		HideSolutionNode = FALSE
	EndGlobalSection
EndGlobal
